// !$*UTF8*$!
{
	archiveVersion = 1;
	classes = {
	};
	objectVersion = 56;
	objects = {

/* Begin PBXBuildFile section */
		D0313AEA2AC00B57004C7BBF /* NotificationsApp.swift in Sources */ = {isa = PBXBuildFile; fileRef = D0313AE92AC00B57004C7BBF /* NotificationsApp.swift */; };
		D0313AEC2AC00B57004C7BBF /* ContentView.swift in Sources */ = {isa = PBXBuildFile; fileRef = D0313AEB2AC00B57004C7BBF /* ContentView.swift */; };
		D0313AF02AC00B58004C7BBF /* Assets.xcassets in Resources */ = {isa = PBXBuildFile; fileRef = D0313AEF2AC00B58004C7BBF /* Assets.xcassets */; };
		D0313AF32AC00B58004C7BBF /* Preview Assets.xcassets in Resources */ = {isa = PBXBuildFile; fileRef = D0313AF22AC00B58004C7BBF /* Preview Assets.xcassets */; };
		D0313AFD2AC00B58004C7BBF /* NotificationsTests.swift in Sources */ = {isa = PBXBuildFile; fileRef = D0313AFC2AC00B58004C7BBF /* NotificationsTests.swift */; };
		D0313B072AC00B58004C7BBF /* NotificationsUITests.swift in Sources */ = {isa = PBXBuildFile; fileRef = D0313B062AC00B58004C7BBF /* NotificationsUITests.swift */; };
		D0313B092AC00B58004C7BBF /* NotificationsUITestsLaunchTests.swift in Sources */ = {isa = PBXBuildFile; fileRef = D0313B082AC00B58004C7BBF /* NotificationsUITestsLaunchTests.swift */; };
		D0313B162AC01951004C7BBF /* Notification.swift in Sources */ = {isa = PBXBuildFile; fileRef = D0313B152AC01951004C7BBF /* Notification.swift */; };
		D0313B1E2AC039D3004C7BBF /* NotificationListItemView.swift in Sources */ = {isa = PBXBuildFile; fileRef = D0313B1D2AC039D3004C7BBF /* NotificationListItemView.swift */; };
		D0313B202AC03ACD004C7BBF /* NotificationDetailsView.swift in Sources */ = {isa = PBXBuildFile; fileRef = D0313B1F2AC03ACD004C7BBF /* NotificationDetailsView.swift */; };
/* End PBXBuildFile section */

/* Begin PBXContainerItemProxy section */
		D0313AF92AC00B58004C7BBF /* PBXContainerItemProxy */ = {
			isa = PBXContainerItemProxy;
			containerPortal = D0313ADE2AC00B57004C7BBF /* Project object */;
			proxyType = 1;
			remoteGlobalIDString = D0313AE52AC00B57004C7BBF;
			remoteInfo = Notifications;
		};
		D0313B032AC00B58004C7BBF /* PBXContainerItemProxy */ = {
			isa = PBXContainerItemProxy;
			containerPortal = D0313ADE2AC00B57004C7BBF /* Project object */;
			proxyType = 1;
			remoteGlobalIDString = D0313AE52AC00B57004C7BBF;
			remoteInfo = Notifications;
		};
/* End PBXContainerItemProxy section */

/* Begin PBXFileReference section */
		D0313AE62AC00B57004C7BBF /* Notifications.app */ = {isa = PBXFileReference; explicitFileType = wrapper.application; includeInIndex = 0; path = Notifications.app; sourceTree = BUILT_PRODUCTS_DIR; };
		D0313AE92AC00B57004C7BBF /* NotificationsApp.swift */ = {isa = PBXFileReference; lastKnownFileType = sourcecode.swift; path = NotificationsApp.swift; sourceTree = "<group>"; };
		D0313AEB2AC00B57004C7BBF /* ContentView.swift */ = {isa = PBXFileReference; lastKnownFileType = sourcecode.swift; path = ContentView.swift; sourceTree = "<group>"; };
		D0313AEF2AC00B58004C7BBF /* Assets.xcassets */ = {isa = PBXFileReference; lastKnownFileType = folder.assetcatalog; path = Assets.xcassets; sourceTree = "<group>"; };
		D0313AF22AC00B58004C7BBF /* Preview Assets.xcassets */ = {isa = PBXFileReference; lastKnownFileType = folder.assetcatalog; path = "Preview Assets.xcassets"; sourceTree = "<group>"; };
		D0313AF82AC00B58004C7BBF /* NotificationsTests.xctest */ = {isa = PBXFileReference; explicitFileType = wrapper.cfbundle; includeInIndex = 0; path = NotificationsTests.xctest; sourceTree = BUILT_PRODUCTS_DIR; };
		D0313AFC2AC00B58004C7BBF /* NotificationsTests.swift */ = {isa = PBXFileReference; lastKnownFileType = sourcecode.swift; path = NotificationsTests.swift; sourceTree = "<group>"; };
		D0313B022AC00B58004C7BBF /* NotificationsUITests.xctest */ = {isa = PBXFileReference; explicitFileType = wrapper.cfbundle; includeInIndex = 0; path = NotificationsUITests.xctest; sourceTree = BUILT_PRODUCTS_DIR; };
		D0313B062AC00B58004C7BBF /* NotificationsUITests.swift */ = {isa = PBXFileReference; lastKnownFileType = sourcecode.swift; path = NotificationsUITests.swift; sourceTree = "<group>"; };
		D0313B082AC00B58004C7BBF /* NotificationsUITestsLaunchTests.swift */ = {isa = PBXFileReference; lastKnownFileType = sourcecode.swift; path = NotificationsUITestsLaunchTests.swift; sourceTree = "<group>"; };
		D0313B152AC01951004C7BBF /* Notification.swift */ = {isa = PBXFileReference; lastKnownFileType = sourcecode.swift; path = Notification.swift; sourceTree = "<group>"; };
		D0313B1D2AC039D3004C7BBF /* NotificationListItemView.swift */ = {isa = PBXFileReference; lastKnownFileType = sourcecode.swift; path = NotificationListItemView.swift; sourceTree = "<group>"; };
		D0313B1F2AC03ACD004C7BBF /* NotificationDetailsView.swift */ = {isa = PBXFileReference; lastKnownFileType = sourcecode.swift; path = NotificationDetailsView.swift; sourceTree = "<group>"; };
/* End PBXFileReference section */

/* Begin PBXFrameworksBuildPhase section */
		D0313AE32AC00B57004C7BBF /* Frameworks */ = {
			isa = PBXFrameworksBuildPhase;
			buildActionMask = 2147483647;
			files = (
			);
			runOnlyForDeploymentPostprocessing = 0;
		};
		D0313AF52AC00B58004C7BBF /* Frameworks */ = {
			isa = PBXFrameworksBuildPhase;
			buildActionMask = 2147483647;
			files = (
			);
			runOnlyForDeploymentPostprocessing = 0;
		};
		D0313AFF2AC00B58004C7BBF /* Frameworks */ = {
			isa = PBXFrameworksBuildPhase;
			buildActionMask = 2147483647;
			files = (
			);
			runOnlyForDeploymentPostprocessing = 0;
		};
/* End PBXFrameworksBuildPhase section */

/* Begin PBXGroup section */
		D0313ADD2AC00B57004C7BBF = {
			isa = PBXGroup;
			children = (
				D0313AE82AC00B57004C7BBF /* Notifications */,
				D0313AFB2AC00B58004C7BBF /* NotificationsTests */,
				D0313B052AC00B58004C7BBF /* NotificationsUITests */,
				D0313AE72AC00B57004C7BBF /* Products */,
			);
			sourceTree = "<group>";
		};
		D0313AE72AC00B57004C7BBF /* Products */ = {
			isa = PBXGroup;
			children = (
				D0313AE62AC00B57004C7BBF /* Notifications.app */,
				D0313AF82AC00B58004C7BBF /* NotificationsTests.xctest */,
				D0313B022AC00B58004C7BBF /* NotificationsUITests.xctest */,
			);
			name = Products;
			sourceTree = "<group>";
		};
		D0313AE82AC00B57004C7BBF /* Notifications */ = {
			isa = PBXGroup;
			children = (
				D0313B182AC03822004C7BBF /* Views */,
				D0313B172AC01CAB004C7BBF /* Model */,
				D0313AE92AC00B57004C7BBF /* NotificationsApp.swift */,
				D0313AEF2AC00B58004C7BBF /* Assets.xcassets */,
				D0313AF12AC00B58004C7BBF /* Preview Content */,
			);
			path = Notifications;
			sourceTree = "<group>";
		};
		D0313AF12AC00B58004C7BBF /* Preview Content */ = {
			isa = PBXGroup;
			children = (
				D0313AF22AC00B58004C7BBF /* Preview Assets.xcassets */,
			);
			path = "Preview Content";
			sourceTree = "<group>";
		};
		D0313AFB2AC00B58004C7BBF /* NotificationsTests */ = {
			isa = PBXGroup;
			children = (
				D0313AFC2AC00B58004C7BBF /* NotificationsTests.swift */,
			);
			path = NotificationsTests;
			sourceTree = "<group>";
		};
		D0313B052AC00B58004C7BBF /* NotificationsUITests */ = {
			isa = PBXGroup;
			children = (
				D0313B062AC00B58004C7BBF /* NotificationsUITests.swift */,
				D0313B082AC00B58004C7BBF /* NotificationsUITestsLaunchTests.swift */,
			);
			path = NotificationsUITests;
			sourceTree = "<group>";
		};
		D0313B172AC01CAB004C7BBF /* Model */ = {
			isa = PBXGroup;
			children = (
				D0313B152AC01951004C7BBF /* Notification.swift */,
			);
			path = Model;
			sourceTree = "<group>";
		};
		D0313B182AC03822004C7BBF /* Views */ = {
			isa = PBXGroup;
			children = (
				D0313AEB2AC00B57004C7BBF /* ContentView.swift */,
				D0313B212AC03E05004C7BBF /* Notification */,
			);
			path = Views;
			sourceTree = "<group>";
		};
		D0313B212AC03E05004C7BBF /* Notification */ = {
			isa = PBXGroup;
			children = (
				D0313B1F2AC03ACD004C7BBF /* NotificationDetailsView.swift */,
				D0313B1D2AC039D3004C7BBF /* NotificationListItemView.swift */,
			);
			path = Notification;
			sourceTree = "<group>";
		};
/* End PBXGroup section */

/* Begin PBXNativeTarget section */
		D0313AE52AC00B57004C7BBF /* Notifications */ = {
			isa = PBXNativeTarget;
			buildConfigurationList = D0313B0C2AC00B58004C7BBF /* Build configuration list for PBXNativeTarget "Notifications" */;
			buildPhases = (
				D0313AE22AC00B57004C7BBF /* Sources */,
				D0313AE32AC00B57004C7BBF /* Frameworks */,
				D0313AE42AC00B57004C7BBF /* Resources */,
			);
			buildRules = (
			);
			dependencies = (
			);
			name = Notifications;
			productName = Notifications;
			productReference = D0313AE62AC00B57004C7BBF /* Notifications.app */;
			productType = "com.apple.product-type.application";
		};
		D0313AF72AC00B58004C7BBF /* NotificationsTests */ = {
			isa = PBXNativeTarget;
			buildConfigurationList = D0313B0F2AC00B58004C7BBF /* Build configuration list for PBXNativeTarget "NotificationsTests" */;
			buildPhases = (
				D0313AF42AC00B58004C7BBF /* Sources */,
				D0313AF52AC00B58004C7BBF /* Frameworks */,
				D0313AF62AC00B58004C7BBF /* Resources */,
			);
			buildRules = (
			);
			dependencies = (
				D0313AFA2AC00B58004C7BBF /* PBXTargetDependency */,
			);
			name = NotificationsTests;
			productName = NotificationsTests;
			productReference = D0313AF82AC00B58004C7BBF /* NotificationsTests.xctest */;
			productType = "com.apple.product-type.bundle.unit-test";
		};
		D0313B012AC00B58004C7BBF /* NotificationsUITests */ = {
			isa = PBXNativeTarget;
			buildConfigurationList = D0313B122AC00B58004C7BBF /* Build configuration list for PBXNativeTarget "NotificationsUITests" */;
			buildPhases = (
				D0313AFE2AC00B58004C7BBF /* Sources */,
				D0313AFF2AC00B58004C7BBF /* Frameworks */,
				D0313B002AC00B58004C7BBF /* Resources */,
			);
			buildRules = (
			);
			dependencies = (
				D0313B042AC00B58004C7BBF /* PBXTargetDependency */,
			);
			name = NotificationsUITests;
			productName = NotificationsUITests;
			productReference = D0313B022AC00B58004C7BBF /* NotificationsUITests.xctest */;
			productType = "com.apple.product-type.bundle.ui-testing";
		};
/* End PBXNativeTarget section */

/* Begin PBXProject section */
		D0313ADE2AC00B57004C7BBF /* Project object */ = {
			isa = PBXProject;
			attributes = {
				BuildIndependentTargetsInParallel = 1;
				LastSwiftUpdateCheck = 1500;
				LastUpgradeCheck = 1500;
				TargetAttributes = {
					D0313AE52AC00B57004C7BBF = {
						CreatedOnToolsVersion = 15.0;
					};
					D0313AF72AC00B58004C7BBF = {
						CreatedOnToolsVersion = 15.0;
						TestTargetID = D0313AE52AC00B57004C7BBF;
					};
					D0313B012AC00B58004C7BBF = {
						CreatedOnToolsVersion = 15.0;
						TestTargetID = D0313AE52AC00B57004C7BBF;
					};
				};
			};
			buildConfigurationList = D0313AE12AC00B57004C7BBF /* Build configuration list for PBXProject "Notifications" */;
			compatibilityVersion = "Xcode 14.0";
			developmentRegion = en;
			hasScannedForEncodings = 0;
			knownRegions = (
				en,
				Base,
			);
			mainGroup = D0313ADD2AC00B57004C7BBF;
			productRefGroup = D0313AE72AC00B57004C7BBF /* Products */;
			projectDirPath = "";
			projectRoot = "";
			targets = (
				D0313AE52AC00B57004C7BBF /* Notifications */,
				D0313AF72AC00B58004C7BBF /* NotificationsTests */,
				D0313B012AC00B58004C7BBF /* NotificationsUITests */,
			);
		};
/* End PBXProject section */

/* Begin PBXResourcesBuildPhase section */
		D0313AE42AC00B57004C7BBF /* Resources */ = {
			isa = PBXResourcesBuildPhase;
			buildActionMask = 2147483647;
			files = (
				D0313AF32AC00B58004C7BBF /* Preview Assets.xcassets in Resources */,
				D0313AF02AC00B58004C7BBF /* Assets.xcassets in Resources */,
			);
			runOnlyForDeploymentPostprocessing = 0;
		};
		D0313AF62AC00B58004C7BBF /* Resources */ = {
			isa = PBXResourcesBuildPhase;
			buildActionMask = 2147483647;
			files = (
			);
			runOnlyForDeploymentPostprocessing = 0;
		};
		D0313B002AC00B58004C7BBF /* Resources */ = {
			isa = PBXResourcesBuildPhase;
			buildActionMask = 2147483647;
			files = (
			);
			runOnlyForDeploymentPostprocessing = 0;
		};
/* End PBXResourcesBuildPhase section */

/* Begin PBXSourcesBuildPhase section */
		D0313AE22AC00B57004C7BBF /* Sources */ = {
			isa = PBXSourcesBuildPhase;
			buildActionMask = 2147483647;
			files = (
				D0313B202AC03ACD004C7BBF /* NotificationDetailsView.swift in Sources */,
				D0313B162AC01951004C7BBF /* Notification.swift in Sources */,
				D0313AEC2AC00B57004C7BBF /* ContentView.swift in Sources */,
				D0313B1E2AC039D3004C7BBF /* NotificationListItemView.swift in Sources */,
				D0313AEA2AC00B57004C7BBF /* NotificationsApp.swift in Sources */,
			);
			runOnlyForDeploymentPostprocessing = 0;
		};
		D0313AF42AC00B58004C7BBF /* Sources */ = {
			isa = PBXSourcesBuildPhase;
			buildActionMask = 2147483647;
			files = (
				D0313AFD2AC00B58004C7BBF /* NotificationsTests.swift in Sources */,
			);
			runOnlyForDeploymentPostprocessing = 0;
		};
		D0313AFE2AC00B58004C7BBF /* Sources */ = {
			isa = PBXSourcesBuildPhase;
			buildActionMask = 2147483647;
			files = (
				D0313B072AC00B58004C7BBF /* NotificationsUITests.swift in Sources */,
				D0313B092AC00B58004C7BBF /* NotificationsUITestsLaunchTests.swift in Sources */,
			);
			runOnlyForDeploymentPostprocessing = 0;
		};
/* End PBXSourcesBuildPhase section */

/* Begin PBXTargetDependency section */
		D0313AFA2AC00B58004C7BBF /* PBXTargetDependency */ = {
			isa = PBXTargetDependency;
			target = D0313AE52AC00B57004C7BBF /* Notifications */;
			targetProxy = D0313AF92AC00B58004C7BBF /* PBXContainerItemProxy */;
		};
		D0313B042AC00B58004C7BBF /* PBXTargetDependency */ = {
			isa = PBXTargetDependency;
			target = D0313AE52AC00B57004C7BBF /* Notifications */;
			targetProxy = D0313B032AC00B58004C7BBF /* PBXContainerItemProxy */;
		};
/* End PBXTargetDependency section */

/* Begin XCBuildConfiguration section */
		D0313B0A2AC00B58004C7BBF /* Debug */ = {
			isa = XCBuildConfiguration;
			buildSettings = {
				ALWAYS_SEARCH_USER_PATHS = NO;
				ASSETCATALOG_COMPILER_GENERATE_SWIFT_ASSET_SYMBOL_EXTENSIONS = YES;
				CLANG_ANALYZER_NONNULL = YES;
				CLANG_ANALYZER_NUMBER_OBJECT_CONVERSION = YES_AGGRESSIVE;
				CLANG_CXX_LANGUAGE_STANDARD = "gnu++20";
				CLANG_ENABLE_MODULES = YES;
				CLANG_ENABLE_OBJC_ARC = YES;
				CLANG_ENABLE_OBJC_WEAK = YES;
				CLANG_WARN_BLOCK_CAPTURE_AUTORELEASING = YES;
				CLANG_WARN_BOOL_CONVERSION = YES;
				CLANG_WARN_COMMA = YES;
				CLANG_WARN_CONSTANT_CONVERSION = YES;
				CLANG_WARN_DEPRECATED_OBJC_IMPLEMENTATIONS = YES;
				CLANG_WARN_DIRECT_OBJC_ISA_USAGE = YES_ERROR;
				CLANG_WARN_DOCUMENTATION_COMMENTS = YES;
				CLANG_WARN_EMPTY_BODY = YES;
				CLANG_WARN_ENUM_CONVERSION = YES;
				CLANG_WARN_INFINITE_RECURSION = YES;
				CLANG_WARN_INT_CONVERSION = YES;
				CLANG_WARN_NON_LITERAL_NULL_CONVERSION = YES;
				CLANG_WARN_OBJC_IMPLICIT_RETAIN_SELF = YES;
				CLANG_WARN_OBJC_LITERAL_CONVERSION = YES;
				CLANG_WARN_OBJC_ROOT_CLASS = YES_ERROR;
				CLANG_WARN_QUOTED_INCLUDE_IN_FRAMEWORK_HEADER = YES;
				CLANG_WARN_RANGE_LOOP_ANALYSIS = YES;
				CLANG_WARN_STRICT_PROTOTYPES = YES;
				CLANG_WARN_SUSPICIOUS_MOVE = YES;
				CLANG_WARN_UNGUARDED_AVAILABILITY = YES_AGGRESSIVE;
				CLANG_WARN_UNREACHABLE_CODE = YES;
				CLANG_WARN__DUPLICATE_METHOD_MATCH = YES;
				COPY_PHASE_STRIP = NO;
				DEBUG_INFORMATION_FORMAT = dwarf;
				ENABLE_STRICT_OBJC_MSGSEND = YES;
				ENABLE_TESTABILITY = YES;
				ENABLE_USER_SCRIPT_SANDBOXING = YES;
				GCC_C_LANGUAGE_STANDARD = gnu17;
				GCC_DYNAMIC_NO_PIC = NO;
				GCC_NO_COMMON_BLOCKS = YES;
				GCC_OPTIMIZATION_LEVEL = 0;
				GCC_PREPROCESSOR_DEFINITIONS = (
					"DEBUG=1",
					"$(inherited)",
				);
				GCC_WARN_64_TO_32_BIT_CONVERSION = YES;
				GCC_WARN_ABOUT_RETURN_TYPE = YES_ERROR;
				GCC_WARN_UNDECLARED_SELECTOR = YES;
				GCC_WARN_UNINITIALIZED_AUTOS = YES_AGGRESSIVE;
				GCC_WARN_UNUSED_FUNCTION = YES;
				GCC_WARN_UNUSED_VARIABLE = YES;
				IPHONEOS_DEPLOYMENT_TARGET = 17.0;
				LOCALIZATION_PREFERS_STRING_CATALOGS = YES;
				MTL_ENABLE_DEBUG_INFO = INCLUDE_SOURCE;
				MTL_FAST_MATH = YES;
				ONLY_ACTIVE_ARCH = YES;
				SDKROOT = iphoneos;
				SWIFT_ACTIVE_COMPILATION_CONDITIONS = "DEBUG $(inherited)";
				SWIFT_OPTIMIZATION_LEVEL = "-Onone";
			};
			name = Debug;
		};
		D0313B0B2AC00B58004C7BBF /* Release */ = {
			isa = XCBuildConfiguration;
			buildSettings = {
				ALWAYS_SEARCH_USER_PATHS = NO;
				ASSETCATALOG_COMPILER_GENERATE_SWIFT_ASSET_SYMBOL_EXTENSIONS = YES;
				CLANG_ANALYZER_NONNULL = YES;
				CLANG_ANALYZER_NUMBER_OBJECT_CONVERSION = YES_AGGRESSIVE;
				CLANG_CXX_LANGUAGE_STANDARD = "gnu++20";
				CLANG_ENABLE_MODULES = YES;
				CLANG_ENABLE_OBJC_ARC = YES;
				CLANG_ENABLE_OBJC_WEAK = YES;
				CLANG_WARN_BLOCK_CAPTURE_AUTORELEASING = YES;
				CLANG_WARN_BOOL_CONVERSION = YES;
				CLANG_WARN_COMMA = YES;
				CLANG_WARN_CONSTANT_CONVERSION = YES;
				CLANG_WARN_DEPRECATED_OBJC_IMPLEMENTATIONS = YES;
				CLANG_WARN_DIRECT_OBJC_ISA_USAGE = YES_ERROR;
				CLANG_WARN_DOCUMENTATION_COMMENTS = YES;
				CLANG_WARN_EMPTY_BODY = YES;
				CLANG_WARN_ENUM_CONVERSION = YES;
				CLANG_WARN_INFINITE_RECURSION = YES;
				CLANG_WARN_INT_CONVERSION = YES;
				CLANG_WARN_NON_LITERAL_NULL_CONVERSION = YES;
				CLANG_WARN_OBJC_IMPLICIT_RETAIN_SELF = YES;
				CLANG_WARN_OBJC_LITERAL_CONVERSION = YES;
				CLANG_WARN_OBJC_ROOT_CLASS = YES_ERROR;
				CLANG_WARN_QUOTED_INCLUDE_IN_FRAMEWORK_HEADER = YES;
				CLANG_WARN_RANGE_LOOP_ANALYSIS = YES;
				CLANG_WARN_STRICT_PROTOTYPES = YES;
				CLANG_WARN_SUSPICIOUS_MOVE = YES;
				CLANG_WARN_UNGUARDED_AVAILABILITY = YES_AGGRESSIVE;
				CLANG_WARN_UNREACHABLE_CODE = YES;
				CLANG_WARN__DUPLICATE_METHOD_MATCH = YES;
				COPY_PHASE_STRIP = NO;
				DEBUG_INFORMATION_FORMAT = "dwarf-with-dsym";
				ENABLE_NS_ASSERTIONS = NO;
				ENABLE_STRICT_OBJC_MSGSEND = YES;
				ENABLE_USER_SCRIPT_SANDBOXING = YES;
				GCC_C_LANGUAGE_STANDARD = gnu17;
				GCC_NO_COMMON_BLOCKS = YES;
				GCC_WARN_64_TO_32_BIT_CONVERSION = YES;
				GCC_WARN_ABOUT_RETURN_TYPE = YES_ERROR;
				GCC_WARN_UNDECLARED_SELECTOR = YES;
				GCC_WARN_UNINITIALIZED_AUTOS = YES_AGGRESSIVE;
				GCC_WARN_UNUSED_FUNCTION = YES;
				GCC_WARN_UNUSED_VARIABLE = YES;
				IPHONEOS_DEPLOYMENT_TARGET = 17.0;
				LOCALIZATION_PREFERS_STRING_CATALOGS = YES;
				MTL_ENABLE_DEBUG_INFO = NO;
				MTL_FAST_MATH = YES;
				SDKROOT = iphoneos;
				SWIFT_COMPILATION_MODE = wholemodule;
				VALIDATE_PRODUCT = YES;
			};
			name = Release;
		};
		D0313B0D2AC00B58004C7BBF /* Debug */ = {
			isa = XCBuildConfiguration;
			buildSettings = {
				ASSETCATALOG_COMPILER_APPICON_NAME = AppIcon;
				ASSETCATALOG_COMPILER_GLOBAL_ACCENT_COLOR_NAME = AccentColor;
				CODE_SIGN_STYLE = Automatic;
				CURRENT_PROJECT_VERSION = 1;
				DEVELOPMENT_ASSET_PATHS = "\"Notifications/Preview Content\"";
				DEVELOPMENT_TEAM = CGC33MZ38S;
				ENABLE_PREVIEWS = YES;
				GENERATE_INFOPLIST_FILE = YES;
				INFOPLIST_KEY_UIApplicationSceneManifest_Generation = YES;
				INFOPLIST_KEY_UIApplicationSupportsIndirectInputEvents = YES;
				INFOPLIST_KEY_UILaunchScreen_Generation = YES;
				INFOPLIST_KEY_UISupportedInterfaceOrientations_iPad = "UIInterfaceOrientationPortrait UIInterfaceOrientationPortraitUpsideDown UIInterfaceOrientationLandscapeLeft UIInterfaceOrientationLandscapeRight";
				INFOPLIST_KEY_UISupportedInterfaceOrientations_iPhone = "UIInterfaceOrientationPortrait UIInterfaceOrientationLandscapeLeft UIInterfaceOrientationLandscapeRight";
				LD_RUNPATH_SEARCH_PATHS = (
					"$(inherited)",
					"@executable_path/Frameworks",
				);
				MARKETING_VERSION = 1.0;
				PRODUCT_BUNDLE_IDENTIFIER = com.errorDefault.Notifications;
				PRODUCT_NAME = "$(TARGET_NAME)";
				SWIFT_EMIT_LOC_STRINGS = YES;
				SWIFT_VERSION = 5.0;
				TARGETED_DEVICE_FAMILY = "1,2";
			};
			name = Debug;
		};
		D0313B0E2AC00B58004C7BBF /* Release */ = {
			isa = XCBuildConfiguration;
			buildSettings = {
				ASSETCATALOG_COMPILER_APPICON_NAME = AppIcon;
				ASSETCATALOG_COMPILER_GLOBAL_ACCENT_COLOR_NAME = AccentColor;
				CODE_SIGN_STYLE = Automatic;
				CURRENT_PROJECT_VERSION = 1;
				DEVELOPMENT_ASSET_PATHS = "\"Notifications/Preview Content\"";
				DEVELOPMENT_TEAM = CGC33MZ38S;
				ENABLE_PREVIEWS = YES;
				GENERATE_INFOPLIST_FILE = YES;
				INFOPLIST_KEY_UIApplicationSceneManifest_Generation = YES;
				INFOPLIST_KEY_UIApplicationSupportsIndirectInputEvents = YES;
				INFOPLIST_KEY_UILaunchScreen_Generation = YES;
				INFOPLIST_KEY_UISupportedInterfaceOrientations_iPad = "UIInterfaceOrientationPortrait UIInterfaceOrientationPortraitUpsideDown UIInterfaceOrientationLandscapeLeft UIInterfaceOrientationLandscapeRight";
				INFOPLIST_KEY_UISupportedInterfaceOrientations_iPhone = "UIInterfaceOrientationPortrait UIInterfaceOrientationLandscapeLeft UIInterfaceOrientationLandscapeRight";
				LD_RUNPATH_SEARCH_PATHS = (
					"$(inherited)",
					"@executable_path/Frameworks",
				);
				MARKETING_VERSION = 1.0;
				PRODUCT_BUNDLE_IDENTIFIER = com.errorDefault.Notifications;
				PRODUCT_NAME = "$(TARGET_NAME)";
				SWIFT_EMIT_LOC_STRINGS = YES;
				SWIFT_VERSION = 5.0;
				TARGETED_DEVICE_FAMILY = "1,2";
			};
			name = Release;
		};
		D0313B102AC00B58004C7BBF /* Debug */ = {
			isa = XCBuildConfiguration;
			buildSettings = {
				ALWAYS_EMBED_SWIFT_STANDARD_LIBRARIES = YES;
				BUNDLE_LOADER = "$(TEST_HOST)";
				CODE_SIGN_STYLE = Automatic;
				CURRENT_PROJECT_VERSION = 1;
				DEVELOPMENT_TEAM = CGC33MZ38S;
				GENERATE_INFOPLIST_FILE = YES;
				IPHONEOS_DEPLOYMENT_TARGET = 17.0;
				MARKETING_VERSION = 1.0;
				PRODUCT_BUNDLE_IDENTIFIER = com.errorDefault.NotificationsTests;
				PRODUCT_NAME = "$(TARGET_NAME)";
				SWIFT_EMIT_LOC_STRINGS = NO;
				SWIFT_VERSION = 5.0;
				TARGETED_DEVICE_FAMILY = "1,2";
				TEST_HOST = "$(BUILT_PRODUCTS_DIR)/Notifications.app/$(BUNDLE_EXECUTABLE_FOLDER_PATH)/Notifications";
			};
			name = Debug;
		};
		D0313B112AC00B58004C7BBF /* Release */ = {
			isa = XCBuildConfiguration;
			buildSettings = {
				ALWAYS_EMBED_SWIFT_STANDARD_LIBRARIES = YES;
				BUNDLE_LOADER = "$(TEST_HOST)";
				CODE_SIGN_STYLE = Automatic;
				CURRENT_PROJECT_VERSION = 1;
				DEVELOPMENT_TEAM = CGC33MZ38S;
				GENERATE_INFOPLIST_FILE = YES;
				IPHONEOS_DEPLOYMENT_TARGET = 17.0;
				MARKETING_VERSION = 1.0;
				PRODUCT_BUNDLE_IDENTIFIER = com.errorDefault.NotificationsTests;
				PRODUCT_NAME = "$(TARGET_NAME)";
				SWIFT_EMIT_LOC_STRINGS = NO;
				SWIFT_VERSION = 5.0;
				TARGETED_DEVICE_FAMILY = "1,2";
				TEST_HOST = "$(BUILT_PRODUCTS_DIR)/Notifications.app/$(BUNDLE_EXECUTABLE_FOLDER_PATH)/Notifications";
			};
			name = Release;
		};
		D0313B132AC00B58004C7BBF /* Debug */ = {
			isa = XCBuildConfiguration;
			buildSettings = {
				ALWAYS_EMBED_SWIFT_STANDARD_LIBRARIES = YES;
				CODE_SIGN_STYLE = Automatic;
				CURRENT_PROJECT_VERSION = 1;
				DEVELOPMENT_TEAM = CGC33MZ38S;
				GENERATE_INFOPLIST_FILE = YES;
				MARKETING_VERSION = 1.0;
				PRODUCT_BUNDLE_IDENTIFIER = com.errorDefault.NotificationsUITests;
				PRODUCT_NAME = "$(TARGET_NAME)";
				SWIFT_EMIT_LOC_STRINGS = NO;
				SWIFT_VERSION = 5.0;
				TARGETED_DEVICE_FAMILY = "1,2";
				TEST_TARGET_NAME = Notifications;
			};
			name = Debug;
		};
		D0313B142AC00B58004C7BBF /* Release */ = {
			isa = XCBuildConfiguration;
			buildSettings = {
				ALWAYS_EMBED_SWIFT_STANDARD_LIBRARIES = YES;
				CODE_SIGN_STYLE = Automatic;
				CURRENT_PROJECT_VERSION = 1;
				DEVELOPMENT_TEAM = CGC33MZ38S;
				GENERATE_INFOPLIST_FILE = YES;
				MARKETING_VERSION = 1.0;
				PRODUCT_BUNDLE_IDENTIFIER = com.errorDefault.NotificationsUITests;
				PRODUCT_NAME = "$(TARGET_NAME)";
				SWIFT_EMIT_LOC_STRINGS = NO;
				SWIFT_VERSION = 5.0;
				TARGETED_DEVICE_FAMILY = "1,2";
				TEST_TARGET_NAME = Notifications;
			};
			name = Release;
		};
/* End XCBuildConfiguration section */

/* Begin XCConfigurationList section */
		D0313AE12AC00B57004C7BBF /* Build configuration list for PBXProject "Notifications" */ = {
			isa = XCConfigurationList;
			buildConfigurations = (
				D0313B0A2AC00B58004C7BBF /* Debug */,
				D0313B0B2AC00B58004C7BBF /* Release */,
			);
			defaultConfigurationIsVisible = 0;
			defaultConfigurationName = Release;
		};
		D0313B0C2AC00B58004C7BBF /* Build configuration list for PBXNativeTarget "Notifications" */ = {
			isa = XCConfigurationList;
			buildConfigurations = (
				D0313B0D2AC00B58004C7BBF /* Debug */,
				D0313B0E2AC00B58004C7BBF /* Release */,
			);
			defaultConfigurationIsVisible = 0;
			defaultConfigurationName = Release;
		};
		D0313B0F2AC00B58004C7BBF /* Build configuration list for PBXNativeTarget "NotificationsTests" */ = {
			isa = XCConfigurationList;
			buildConfigurations = (
				D0313B102AC00B58004C7BBF /* Debug */,
				D0313B112AC00B58004C7BBF /* Release */,
			);
			defaultConfigurationIsVisible = 0;
			defaultConfigurationName = Release;
		};
		D0313B122AC00B58004C7BBF /* Build configuration list for PBXNativeTarget "NotificationsUITests" */ = {
			isa = XCConfigurationList;
			buildConfigurations = (
				D0313B132AC00B58004C7BBF /* Debug */,
				D0313B142AC00B58004C7BBF /* Release */,
			);
			defaultConfigurationIsVisible = 0;
			defaultConfigurationName = Release;
		};
/* End XCConfigurationList section */
	};
	rootObject = D0313ADE2AC00B57004C7BBF /* Project object */;
}
